
Microsoft Visual Studio Solution File, Format Version 12.00
# Visual Studio 15
Project("{FAE04EC0-301F-11D3-BF4B-00C04F79EFBC}") = "Assembly-CSharp", "Assembly-CSharp.csproj", "{2C68752E-8595-CB81-F811-06A327A6452F}"
EndProject
Project("{FAE04EC0-301F-11D3-BF4B-00C04F79EFBC}") = "Assembly-CSharp-Editor", "Assembly-CSharp-Editor.csproj", "{0CF4F0EE-0F40-A11D-6A86-2D25EF79A5DA}"
EndProject
Global
	GlobalSection(SolutionConfigurationPlatforms) = preSolution
		Debug|Any CPU = Debug|Any CPU
		Release|Any CPU = Release|Any CPU
	EndGlobalSection
	GlobalSection(ProjectConfigurationPlatforms) = postSolution
		{2C68752E-8595-CB81-F811-06A327A6452F}.Debug|Any CPU.ActiveCfg = Debug|Any CPU
		{2C68752E-8595-CB81-F811-06A327A6452F}.Debug|Any CPU.Build.0 = Debug|Any CPU
		{2C68752E-8595-CB81-F811-06A327A6452F}.Release|Any CPU.ActiveCfg = Release|Any CPU
		{2C68752E-8595-CB81-F811-06A327A6452F}.Release|Any CPU.Build.0 = Release|Any CPU
		{0CF4F0EE-0F40-A11D-6A86-2D25EF79A5DA}.Debug|Any CPU.ActiveCfg = Debug|Any CPU
		{0CF4F0EE-0F40-A11D-6A86-2D25EF79A5DA}.Debug|Any CPU.Build.0 = Debug|Any CPU
		{0CF4F0EE-0F40-A11D-6A86-2D25EF79A5DA}.Release|Any CPU.ActiveCfg = Release|Any CPU
		{0CF4F0EE-0F40-A11D-6A86-2D25EF79A5DA}.Release|Any CPU.Build.0 = Release|Any CPU
	EndGlobalSection
	GlobalSection(SolutionProperties) = preSolution
		HideSolutionNode = FALSE
	EndGlobalSection
EndGlobal
